
Microsoft Visual Studio Solution File, Format Version 12.00
# Visual Studio Version 17
VisualStudioVersion = 17.7.34202.233
MinimumVisualStudioVersion = 10.0.40219.1
Project("{FAE04EC0-301F-11D3-BF4B-00C04F79EFBC}") = "Assignment4", "Assignment4.csproj", "{AEF1BFDA-D77F-4E8F-B680-72B70062591F}"
EndProject
Global
	GlobalSection(SolutionConfigurationPlatforms) = preSolution
		Debug|Any CPU = Debug|Any CPU
		Release|Any CPU = Release|Any CPU
	EndGlobalSection
	GlobalSection(ProjectConfigurationPlatforms) = postSolution
		{AEF1BFDA-D77F-4E8F-B680-72B70062591F}.Debug|Any CPU.ActiveCfg = Debug|Any CPU
		{AEF1BFDA-D77F-4E8F-B680-72B70062591F}.Debug|Any CPU.Build.0 = Debug|Any CPU
		{AEF1BFDA-D77F-4E8F-B680-72B70062591F}.Release|Any CPU.ActiveCfg = Release|Any CPU
		{AEF1BFDA-D77F-4E8F-B680-72B70062591F}.Release|Any CPU.Build.0 = Release|Any CPU
	EndGlobalSection
	GlobalSection(SolutionProperties) = preSolution
		HideSolutionNode = FALSE
	EndGlobalSection
	GlobalSection(ExtensibilityGlobals) = postSolution
		SolutionGuid = {D556165D-2CEC-404F-934B-69F5A3E6C914}
	EndGlobalSection
EndGlobal
